// !$*UTF8*$!
{
	archiveVersion = 1;
	classes = {
	};
	objectVersion = 46;
	objects = {

/* Begin PBXBuildFile section */
		1AD9EB921A5E63420078E092 /* AppDelegate.swift in Sources */ = {isa = PBXBuildFile; fileRef = 1AD9EB911A5E63420078E092 /* AppDelegate.swift */; };
		1AD9EB971A5E63420078E092 /* Main.storyboard in Resources */ = {isa = PBXBuildFile; fileRef = 1AD9EB951A5E63420078E092 /* Main.storyboard */; };
		1AD9EB991A5E63420078E092 /* Images.xcassets in Resources */ = {isa = PBXBuildFile; fileRef = 1AD9EB981A5E63420078E092 /* Images.xcassets */; };
		1AD9EB9C1A5E63420078E092 /* LaunchScreen.xib in Resources */ = {isa = PBXBuildFile; fileRef = 1AD9EB9A1A5E63420078E092 /* LaunchScreen.xib */; };
		1AD9EBA81A5E63420078E092 /* BYHelperDemoTests.swift in Sources */ = {isa = PBXBuildFile; fileRef = 1AD9EBA71A5E63420078E092 /* BYHelperDemoTests.swift */; };
		1AD9EBBD1A5E641E0078E092 /* TableViewController.swift in Sources */ = {isa = PBXBuildFile; fileRef = 1AD9EBBC1A5E641E0078E092 /* TableViewController.swift */; };
/* End PBXBuildFile section */

/* Begin PBXContainerItemProxy section */
		1AD9EBA21A5E63420078E092 /* PBXContainerItemProxy */ = {
			isa = PBXContainerItemProxy;
			containerPortal = 1AD9EB841A5E63420078E092 /* Project object */;
			proxyType = 1;
			remoteGlobalIDString = 1AD9EB8B1A5E63420078E092;
			remoteInfo = BYHelperDemo;
		};
		1AD9EBB61A5E635B0078E092 /* PBXContainerItemProxy */ = {
			isa = PBXContainerItemProxy;
			containerPortal = 1AD9EBB11A5E635B0078E092 /* BYHelper.xcodeproj */;
			proxyType = 2;
			remoteGlobalIDString = 1AE9FA6B1A4C03A8003AD38C;
			remoteInfo = BYHelper;
		};
		1AD9EBB81A5E635B0078E092 /* PBXContainerItemProxy */ = {
			isa = PBXContainerItemProxy;
			containerPortal = 1AD9EBB11A5E635B0078E092 /* BYHelper.xcodeproj */;
			proxyType = 2;
			remoteGlobalIDString = 1AE9FA761A4C03A8003AD38C;
			remoteInfo = BYHelperTests;
		};
		1AD9EBBA1A5E63840078E092 /* PBXContainerItemProxy */ = {
			isa = PBXContainerItemProxy;
			containerPortal = 1AD9EBB11A5E635B0078E092 /* BYHelper.xcodeproj */;
			proxyType = 1;
			remoteGlobalIDString = 1AE9FA6A1A4C03A8003AD38C;
			remoteInfo = BYHelper;
		};
/* End PBXContainerItemProxy section */

/* Begin PBXFileReference section */
		1AD9EB8C1A5E63420078E092 /* BYHelperDemo.app */ = {isa = PBXFileReference; explicitFileType = wrapper.application; includeInIndex = 0; path = BYHelperDemo.app; sourceTree = BUILT_PRODUCTS_DIR; };
		1AD9EB901A5E63420078E092 /* Info.plist */ = {isa = PBXFileReference; lastKnownFileType = text.plist.xml; path = Info.plist; sourceTree = "<group>"; };
		1AD9EB911A5E63420078E092 /* AppDelegate.swift */ = {isa = PBXFileReference; lastKnownFileType = sourcecode.swift; path = AppDelegate.swift; sourceTree = "<group>"; };
		1AD9EB961A5E63420078E092 /* Base */ = {isa = PBXFileReference; lastKnownFileType = file.storyboard; name = Base; path = Base.lproj/Main.storyboard; sourceTree = "<group>"; };
		1AD9EB981A5E63420078E092 /* Images.xcassets */ = {isa = PBXFileReference; lastKnownFileType = folder.assetcatalog; path = Images.xcassets; sourceTree = "<group>"; };
		1AD9EB9B1A5E63420078E092 /* Base */ = {isa = PBXFileReference; lastKnownFileType = file.xib; name = Base; path = Base.lproj/LaunchScreen.xib; sourceTree = "<group>"; };
		1AD9EBA11A5E63420078E092 /* BYHelperDemoTests.xctest */ = {isa = PBXFileReference; explicitFileType = wrapper.cfbundle; includeInIndex = 0; path = BYHelperDemoTests.xctest; sourceTree = BUILT_PRODUCTS_DIR; };
		1AD9EBA61A5E63420078E092 /* Info.plist */ = {isa = PBXFileReference; lastKnownFileType = text.plist.xml; path = Info.plist; sourceTree = "<group>"; };
		1AD9EBA71A5E63420078E092 /* BYHelperDemoTests.swift */ = {isa = PBXFileReference; lastKnownFileType = sourcecode.swift; path = BYHelperDemoTests.swift; sourceTree = "<group>"; };
		1AD9EBB11A5E635B0078E092 /* BYHelper.xcodeproj */ = {isa = PBXFileReference; lastKnownFileType = "wrapper.pb-project"; name = BYHelper.xcodeproj; path = ../../../BYHelper/BYHelper.xcodeproj; sourceTree = "<group>"; };
		1AD9EBBC1A5E641E0078E092 /* TableViewController.swift */ = {isa = PBXFileReference; fileEncoding = 4; lastKnownFileType = sourcecode.swift; path = TableViewController.swift; sourceTree = "<group>"; };
/* End PBXFileReference section */

/* Begin PBXFrameworksBuildPhase section */
		1AD9EB891A5E63420078E092 /* Frameworks */ = {
			isa = PBXFrameworksBuildPhase;
			buildActionMask = 2147483647;
			files = (
			);
			runOnlyForDeploymentPostprocessing = 0;
		};
		1AD9EB9E1A5E63420078E092 /* Frameworks */ = {
			isa = PBXFrameworksBuildPhase;
			buildActionMask = 2147483647;
			files = (
			);
			runOnlyForDeploymentPostprocessing = 0;
		};
/* End PBXFrameworksBuildPhase section */

/* Begin PBXGroup section */
		1AD9EB831A5E63420078E092 = {
			isa = PBXGroup;
			children = (
				1AD9EB8E1A5E63420078E092 /* BYHelperDemo */,
				1AD9EBA41A5E63420078E092 /* BYHelperDemoTests */,
				1AD9EB8D1A5E63420078E092 /* Products */,
			);
			sourceTree = "<group>";
		};
		1AD9EB8D1A5E63420078E092 /* Products */ = {
			isa = PBXGroup;
			children = (
				1AD9EB8C1A5E63420078E092 /* BYHelperDemo.app */,
				1AD9EBA11A5E63420078E092 /* BYHelperDemoTests.xctest */,
			);
			name = Products;
			sourceTree = "<group>";
		};
		1AD9EB8E1A5E63420078E092 /* BYHelperDemo */ = {
			isa = PBXGroup;
			children = (
				1AD9EBB11A5E635B0078E092 /* BYHelper.xcodeproj */,
				1AD9EB911A5E63420078E092 /* AppDelegate.swift */,
				1AD9EBBC1A5E641E0078E092 /* TableViewController.swift */,
				1AD9EB951A5E63420078E092 /* Main.storyboard */,
				1AD9EB981A5E63420078E092 /* Images.xcassets */,
				1AD9EB9A1A5E63420078E092 /* LaunchScreen.xib */,
				1AD9EB8F1A5E63420078E092 /* Supporting Files */,
			);
			path = BYHelperDemo;
			sourceTree = "<group>";
		};
		1AD9EB8F1A5E63420078E092 /* Supporting Files */ = {
			isa = PBXGroup;
			children = (
				1AD9EB901A5E63420078E092 /* Info.plist */,
			);
			name = "Supporting Files";
			sourceTree = "<group>";
		};
		1AD9EBA41A5E63420078E092 /* BYHelperDemoTests */ = {
			isa = PBXGroup;
			children = (
				1AD9EBA71A5E63420078E092 /* BYHelperDemoTests.swift */,
				1AD9EBA51A5E63420078E092 /* Supporting Files */,
			);
			path = BYHelperDemoTests;
			sourceTree = "<group>";
		};
		1AD9EBA51A5E63420078E092 /* Supporting Files */ = {
			isa = PBXGroup;
			children = (
				1AD9EBA61A5E63420078E092 /* Info.plist */,
			);
			name = "Supporting Files";
			sourceTree = "<group>";
		};
		1AD9EBB21A5E635B0078E092 /* Products */ = {
			isa = PBXGroup;
			children = (
				1AD9EBB71A5E635B0078E092 /* BYHelper.framework */,
				1AD9EBB91A5E635B0078E092 /* BYHelperTests.xctest */,
			);
			name = Products;
			sourceTree = "<group>";
		};
/* End PBXGroup section */

/* Begin PBXNativeTarget section */
		1AD9EB8B1A5E63420078E092 /* BYHelperDemo */ = {
			isa = PBXNativeTarget;
			buildConfigurationList = 1AD9EBAB1A5E63420078E092 /* Build configuration list for PBXNativeTarget "BYHelperDemo" */;
			buildPhases = (
				1AD9EB881A5E63420078E092 /* Sources */,
				1AD9EB891A5E63420078E092 /* Frameworks */,
				1AD9EB8A1A5E63420078E092 /* Resources */,
			);
			buildRules = (
			);
			dependencies = (
				1AD9EBBB1A5E63840078E092 /* PBXTargetDependency */,
			);
			name = BYHelperDemo;
			productName = BYHelperDemo;
			productReference = 1AD9EB8C1A5E63420078E092 /* BYHelperDemo.app */;
			productType = "com.apple.product-type.application";
		};
		1AD9EBA01A5E63420078E092 /* BYHelperDemoTests */ = {
			isa = PBXNativeTarget;
			buildConfigurationList = 1AD9EBAE1A5E63420078E092 /* Build configuration list for PBXNativeTarget "BYHelperDemoTests" */;
			buildPhases = (
				1AD9EB9D1A5E63420078E092 /* Sources */,
				1AD9EB9E1A5E63420078E092 /* Frameworks */,
				1AD9EB9F1A5E63420078E092 /* Resources */,
			);
			buildRules = (
			);
			dependencies = (
				1AD9EBA31A5E63420078E092 /* PBXTargetDependency */,
			);
			name = BYHelperDemoTests;
			productName = BYHelperDemoTests;
			productReference = 1AD9EBA11A5E63420078E092 /* BYHelperDemoTests.xctest */;
			productType = "com.apple.product-type.bundle.unit-test";
		};
/* End PBXNativeTarget section */

/* Begin PBXProject section */
		1AD9EB841A5E63420078E092 /* Project object */ = {
			isa = PBXProject;
			attributes = {
				LastUpgradeCheck = 0610;
				ORGANIZATIONNAME = ysq;
				TargetAttributes = {
					1AD9EB8B1A5E63420078E092 = {
						CreatedOnToolsVersion = 6.1.1;
					};
					1AD9EBA01A5E63420078E092 = {
						CreatedOnToolsVersion = 6.1.1;
						TestTargetID = 1AD9EB8B1A5E63420078E092;
					};
				};
			};
			buildConfigurationList = 1AD9EB871A5E63420078E092 /* Build configuration list for PBXProject "BYHelperDemo" */;
			compatibilityVersion = "Xcode 3.2";
			developmentRegion = English;
			hasScannedForEncodings = 0;
			knownRegions = (
				en,
				Base,
			);
			mainGroup = 1AD9EB831A5E63420078E092;
			productRefGroup = 1AD9EB8D1A5E63420078E092 /* Products */;
			projectDirPath = "";
			projectReferences = (
				{
					ProductGroup = 1AD9EBB21A5E635B0078E092 /* Products */;
					ProjectRef = 1AD9EBB11A5E635B0078E092 /* BYHelper.xcodeproj */;
				},
			);
			projectRoot = "";
			targets = (
				1AD9EB8B1A5E63420078E092 /* BYHelperDemo */,
				1AD9EBA01A5E63420078E092 /* BYHelperDemoTests */,
			);
		};
/* End PBXProject section */

/* Begin PBXReferenceProxy section */
		1AD9EBB71A5E635B0078E092 /* BYHelper.framework */ = {
			isa = PBXReferenceProxy;
			fileType = wrapper.framework;
			path = BYHelper.framework;
			remoteRef = 1AD9EBB61A5E635B0078E092 /* PBXContainerItemProxy */;
			sourceTree = BUILT_PRODUCTS_DIR;
		};
		1AD9EBB91A5E635B0078E092 /* BYHelperTests.xctest */ = {
			isa = PBXReferenceProxy;
			fileType = wrapper.cfbundle;
			path = BYHelperTests.xctest;
			remoteRef = 1AD9EBB81A5E635B0078E092 /* PBXContainerItemProxy */;
			sourceTree = BUILT_PRODUCTS_DIR;
		};
/* End PBXReferenceProxy section */

/* Begin PBXResourcesBuildPhase section */
		1AD9EB8A1A5E63420078E092 /* Resources */ = {
			isa = PBXResourcesBuildPhase;
			buildActionMask = 2147483647;
			files = (
				1AD9EB971A5E63420078E092 /* Main.storyboard in Resources */,
				1AD9EB9C1A5E63420078E092 /* LaunchScreen.xib in Resources */,
				1AD9EB991A5E63420078E092 /* Images.xcassets in Resources */,
			);
			runOnlyForDeploymentPostprocessing = 0;
		};
		1AD9EB9F1A5E63420078E092 /* Resources */ = {
			isa = PBXResourcesBuildPhase;
			buildActionMask = 2147483647;
			files = (
			);
			runOnlyForDeploymentPostprocessing = 0;
		};
/* End PBXResourcesBuildPhase section */

/* Begin PBXSourcesBuildPhase section */
		1AD9EB881A5E63420078E092 /* Sources */ = {
			isa = PBXSourcesBuildPhase;
			buildActionMask = 2147483647;
			files = (
				1AD9EBBD1A5E641E0078E092 /* TableViewController.swift in Sources */,
				1AD9EB921A5E63420078E092 /* AppDelegate.swift in Sources */,
			);
			runOnlyForDeploymentPostprocessing = 0;
		};
		1AD9EB9D1A5E63420078E092 /* Sources */ = {
			isa = PBXSourcesBuildPhase;
			buildActionMask = 2147483647;
			files = (
				1AD9EBA81A5E63420078E092 /* BYHelperDemoTests.swift in Sources */,
			);
			runOnlyForDeploymentPostprocessing = 0;
		};
/* End PBXSourcesBuildPhase section */

/* Begin PBXTargetDependency section */
		1AD9EBA31A5E63420078E092 /* PBXTargetDependency */ = {
			isa = PBXTargetDependency;
			target = 1AD9EB8B1A5E63420078E092 /* BYHelperDemo */;
			targetProxy = 1AD9EBA21A5E63420078E092 /* PBXContainerItemProxy */;
		};
		1AD9EBBB1A5E63840078E092 /* PBXTargetDependency */ = {
			isa = PBXTargetDependency;
			name = BYHelper;
			targetProxy = 1AD9EBBA1A5E63840078E092 /* PBXContainerItemProxy */;
		};
/* End PBXTargetDependency section */

/* Begin PBXVariantGroup section */
		1AD9EB951A5E63420078E092 /* Main.storyboard */ = {
			isa = PBXVariantGroup;
			children = (
				1AD9EB961A5E63420078E092 /* Base */,
			);
			name = Main.storyboard;
			sourceTree = "<group>";
		};
		1AD9EB9A1A5E63420078E092 /* LaunchScreen.xib */ = {
			isa = PBXVariantGroup;
			children = (
				1AD9EB9B1A5E63420078E092 /* Base */,
			);
			name = LaunchScreen.xib;
			sourceTree = "<group>";
		};
/* End PBXVariantGroup section */

/* Begin XCBuildConfiguration section */
		1AD9EBA91A5E63420078E092 /* Debug */ = {
			isa = XCBuildConfiguration;
			buildSettings = {
				ALWAYS_SEARCH_USER_PATHS = NO;
				CLANG_CXX_LANGUAGE_STANDARD = "gnu++0x";
				CLANG_CXX_LIBRARY = "libc++";
				CLANG_ENABLE_MODULES = YES;
				CLANG_ENABLE_OBJC_ARC = YES;
				CLANG_WARN_BOOL_CONVERSION = YES;
				CLANG_WARN_CONSTANT_CONVERSION = YES;
				CLANG_WARN_DIRECT_OBJC_ISA_USAGE = YES_ERROR;
				CLANG_WARN_EMPTY_BODY = YES;
				CLANG_WARN_ENUM_CONVERSION = YES;
				CLANG_WARN_INT_CONVERSION = YES;
				CLANG_WARN_OBJC_ROOT_CLASS = YES_ERROR;
				CLANG_WARN_UNREACHABLE_CODE = YES;
				CLANG_WARN__DUPLICATE_METHOD_MATCH = YES;
				"CODE_SIGN_IDENTITY[sdk=iphoneos*]" = "iPhone Developer";
				COPY_PHASE_STRIP = NO;
				ENABLE_STRICT_OBJC_MSGSEND = YES;
				GCC_C_LANGUAGE_STANDARD = gnu99;
				GCC_DYNAMIC_NO_PIC = NO;
				GCC_OPTIMIZATION_LEVEL = 0;
				GCC_PREPROCESSOR_DEFINITIONS = (
					"DEBUG=1",
					"$(inherited)",
				);
				GCC_SYMBOLS_PRIVATE_EXTERN = NO;
				GCC_WARN_64_TO_32_BIT_CONVERSION = YES;
				GCC_WARN_ABOUT_RETURN_TYPE = YES_ERROR;
				GCC_WARN_UNDECLARED_SELECTOR = YES;
				GCC_WARN_UNINITIALIZED_AUTOS = YES_AGGRESSIVE;
				GCC_WARN_UNUSED_FUNCTION = YES;
				GCC_WARN_UNUSED_VARIABLE = YES;
				IPHONEOS_DEPLOYMENT_TARGET = 8.1;
				MTL_ENABLE_DEBUG_INFO = YES;
				ONLY_ACTIVE_ARCH = YES;
				SDKROOT = iphoneos;
				SWIFT_OPTIMIZATION_LEVEL = "-Onone";
			};
			name = Debug;
		};
		1AD9EBAA1A5E63420078E092 /* Release */ = {
			isa = XCBuildConfiguration;
			buildSettings = {
				ALWAYS_SEARCH_USER_PATHS = NO;
				CLANG_CXX_LANGUAGE_STANDARD = "gnu++0x";
				CLANG_CXX_LIBRARY = "libc++";
				CLANG_ENABLE_MODULES = YES;
				CLANG_ENABLE_OBJC_ARC = YES;
				CLANG_WARN_BOOL_CONVERSION = YES;
				CLANG_WARN_CONSTANT_CONVERSION = YES;
				CLANG_WARN_DIRECT_OBJC_ISA_USAGE = YES_ERROR;
				CLANG_WARN_EMPTY_BODY = YES;
				CLANG_WARN_ENUM_CONVERSION = YES;
				CLANG_WARN_INT_CONVERSION = YES;
				CLANG_WARN_OBJC_ROOT_CLASS = YES_ERROR;
				CLANG_WARN_UNREACHABLE_CODE = YES;
				CLANG_WARN__DUPLICATE_METHOD_MATCH = YES;
				"CODE_SIGN_IDENTITY[sdk=iphoneos*]" = "iPhone Developer";
				COPY_PHASE_STRIP = YES;
				ENABLE_NS_ASSERTIONS = NO;
				ENABLE_STRICT_OBJC_MSGSEND = YES;
				GCC_C_LANGUAGE_STANDARD = gnu99;
				GCC_WARN_64_TO_32_BIT_CONVERSION = YES;
				GCC_WARN_ABOUT_RETURN_TYPE = YES_ERROR;
				GCC_WARN_UNDECLARED_SELECTOR = YES;
				GCC_WARN_UNINITIALIZED_AUTOS = YES_AGGRESSIVE;
				GCC_WARN_UNUSED_FUNCTION = YES;
				GCC_WARN_UNUSED_VARIABLE = YES;
				IPHONEOS_DEPLOYMENT_TARGET = 8.1;
				MTL_ENABLE_DEBUG_INFO = NO;
				SDKROOT = iphoneos;
				VALIDATE_PRODUCT = YES;
			};
			name = Release;
		};
		1AD9EBAC1A5E63420078E092 /* Debug */ = {
			isa = XCBuildConfiguration;
			buildSettings = {
				ASSETCATALOG_COMPILER_APPICON_NAME = AppIcon;
				INFOPLIST_FILE = BYHelperDemo/Info.plist;
				IPHONEOS_DEPLOYMENT_TARGET = 7.0;
				LD_RUNPATH_SEARCH_PATHS = "$(inherited) @executable_path/Frameworks";
				PRODUCT_NAME = "$(TARGET_NAME)";
			};
			name = Debug;
		};
		1AD9EBAD1A5E63420078E092 /* Release */ = {
			isa = XCBuildConfiguration;
			buildSettings = {
				ASSETCATALOG_COMPILER_APPICON_NAME = AppIcon;
				INFOPLIST_FILE = BYHelperDemo/Info.plist;
				IPHONEOS_DEPLOYMENT_TARGET = 7.0;
				LD_RUNPATH_SEARCH_PATHS = "$(inherited) @executable_path/Frameworks";
				PRODUCT_NAME = "$(TARGET_NAME)";
			};
			name = Release;
		};
		1AD9EBAF1A5E63420078E092 /* Debug */ = {
			isa = XCBuildConfiguration;
			buildSettings = {
				BUNDLE_LOADER = "$(TEST_HOST)";
				FRAMEWORK_SEARCH_PATHS = (
					"$(SDKROOT)/Developer/Library/Frameworks",
					"$(inherited)",
				);
				GCC_PREPROCESSOR_DEFINITIONS = (
					"DEBUG=1",
					"$(inherited)",
				);
				INFOPLIST_FILE = BYHelperDemoTests/Info.plist;
				LD_RUNPATH_SEARCH_PATHS = "$(inherited) @executable_path/Frameworks @loader_path/Frameworks";
				PRODUCT_NAME = "$(TARGET_NAME)";
				TEST_HOST = "$(BUILT_PRODUCTS_DIR)/BYHelperDemo.app/BYHelperDemo";
			};
			name = Debug;
		};
		1AD9EBB01A5E63420078E092 /* Release */ = {
			isa = XCBuildConfiguration;
			buildSettings = {
				BUNDLE_LOADER = "$(TEST_HOST)";
				FRAMEWORK_SEARCH_PATHS = (
					"$(SDKROOT)/Developer/Library/Frameworks",
					"$(inherited)",
				);
				INFOPLIST_FILE = BYHelperDemoTests/Info.plist;
				LD_RUNPATH_SEARCH_PATHS = "$(inherited) @executable_path/Frameworks @loader_path/Frameworks";
				PRODUCT_NAME = "$(TARGET_NAME)";
				TEST_HOST = "$(BUILT_PRODUCTS_DIR)/BYHelperDemo.app/BYHelperDemo";
			};
			name = Release;
		};
/* End XCBuildConfiguration section */

/* Begin XCConfigurationList section */
		1AD9EB871A5E63420078E092 /* Build configuration list for PBXProject "BYHelperDemo" */ = {
			isa = XCConfigurationList;
			buildConfigurations = (
				1AD9EBA91A5E63420078E092 /* Debug */,
				1AD9EBAA1A5E63420078E092 /* Release */,
			);
			defaultConfigurationIsVisible = 0;
			defaultConfigurationName = Release;
		};
		1AD9EBAB1A5E63420078E092 /* Build configuration list for PBXNativeTarget "BYHelperDemo" */ = {
			isa = XCConfigurationList;
			buildConfigurations = (
				1AD9EBAC1A5E63420078E092 /* Debug */,
				1AD9EBAD1A5E63420078E092 /* Release */,
			);
			defaultConfigurationIsVisible = 0;
		};
		1AD9EBAE1A5E63420078E092 /* Build configuration list for PBXNativeTarget "BYHelperDemoTests" */ = {
			isa = XCConfigurationList;
			buildConfigurations = (
				1AD9EBAF1A5E63420078E092 /* Debug */,
				1AD9EBB01A5E63420078E092 /* Release */,
			);
			defaultConfigurationIsVisible = 0;
		};
/* End XCConfigurationList section */
	};
	rootObject = 1AD9EB841A5E63420078E092 /* Project object */;
}
