// !$*UTF8*$!
{
	archiveVersion = 1;
	classes = {
	};
	objectVersion = 46;
	objects = {

/* Begin PBXBuildFile section */
		1A039E8C1A4D69E700E8AD8E /* BYUIActionSheetBlock.swift in Sources */ = {isa = PBXBuildFile; fileRef = 1A039E8B1A4D69E700E8AD8E /* BYUIActionSheetBlock.swift */; };
		1A039E8E1A4D6A0000E8AD8E /* BYArrayExt.swift in Sources */ = {isa = PBXBuildFile; fileRef = 1A039E8D1A4D6A0000E8AD8E /* BYArrayExt.swift */; };
		1A039E901A4D6F1B00E8AD8E /* BYAlertController.swift in Sources */ = {isa = PBXBuildFile; fileRef = 1A039E8F1A4D6F1B00E8AD8E /* BYAlertController.swift */; };
		1AE9FA711A4C03A8003AD38C /* BYHelper.h in Headers */ = {isa = PBXBuildFile; fileRef = 1AE9FA701A4C03A8003AD38C /* BYHelper.h */; settings = {ATTRIBUTES = (Public, ); }; };
		1AE9FA771A4C03A8003AD38C /* BYHelper.framework in Frameworks */ = {isa = PBXBuildFile; fileRef = 1AE9FA6B1A4C03A8003AD38C /* BYHelper.framework */; };
		1AE9FA8A1A4C03CA003AD38C /* BYUIImageExt.swift in Sources */ = {isa = PBXBuildFile; fileRef = 1AE9FA891A4C03CA003AD38C /* BYUIImageExt.swift */; };
		1AE9FA8E1A4C03D3003AD38C /* BYUIAlertViewBlock.swift in Sources */ = {isa = PBXBuildFile; fileRef = 1AE9FA8B1A4C03D3003AD38C /* BYUIAlertViewBlock.swift */; };
		1AE9FA8F1A4C03D3003AD38C /* BYUIImagePickerControllerBlock.swift in Sources */ = {isa = PBXBuildFile; fileRef = 1AE9FA8C1A4C03D3003AD38C /* BYUIImagePickerControllerBlock.swift */; };
		1AE9FA901A4C03D3003AD38C /* BYUIViewExt.swift in Sources */ = {isa = PBXBuildFile; fileRef = 1AE9FA8D1A4C03D3003AD38C /* BYUIViewExt.swift */; };
		1AE9FA931A4C03DA003AD38C /* BYClosureWrapper.swift in Sources */ = {isa = PBXBuildFile; fileRef = 1AE9FA911A4C03DA003AD38C /* BYClosureWrapper.swift */; };
		1AE9FA941A4C03DA003AD38C /* BYDelay.swift in Sources */ = {isa = PBXBuildFile; fileRef = 1AE9FA921A4C03DA003AD38C /* BYDelay.swift */; };
		1AE9FAA51A4C0B32003AD38C /* DelayTest.swift in Sources */ = {isa = PBXBuildFile; fileRef = 1AE9FAA41A4C0B32003AD38C /* DelayTest.swift */; };
/* End PBXBuildFile section */

/* Begin PBXContainerItemProxy section */
		1AE9FA781A4C03A8003AD38C /* PBXContainerItemProxy */ = {
			isa = PBXContainerItemProxy;
			containerPortal = 1AE9FA621A4C03A8003AD38C /* Project object */;
			proxyType = 1;
			remoteGlobalIDString = 1AE9FA6A1A4C03A8003AD38C;
			remoteInfo = BYHelper;
		};
/* End PBXContainerItemProxy section */

/* Begin PBXFileReference section */
		1A039E8B1A4D69E700E8AD8E /* BYUIActionSheetBlock.swift */ = {isa = PBXFileReference; fileEncoding = 4; lastKnownFileType = sourcecode.swift; path = BYUIActionSheetBlock.swift; sourceTree = "<group>"; };
		1A039E8D1A4D6A0000E8AD8E /* BYArrayExt.swift */ = {isa = PBXFileReference; fileEncoding = 4; lastKnownFileType = sourcecode.swift; path = BYArrayExt.swift; sourceTree = "<group>"; };
		1A039E8F1A4D6F1B00E8AD8E /* BYAlertController.swift */ = {isa = PBXFileReference; fileEncoding = 4; lastKnownFileType = sourcecode.swift; path = BYAlertController.swift; sourceTree = "<group>"; };
		1AE9FA6B1A4C03A8003AD38C /* BYHelper.framework */ = {isa = PBXFileReference; explicitFileType = wrapper.framework; includeInIndex = 0; path = BYHelper.framework; sourceTree = BUILT_PRODUCTS_DIR; };
		1AE9FA6F1A4C03A8003AD38C /* Info.plist */ = {isa = PBXFileReference; lastKnownFileType = text.plist.xml; path = Info.plist; sourceTree = "<group>"; };
		1AE9FA701A4C03A8003AD38C /* BYHelper.h */ = {isa = PBXFileReference; lastKnownFileType = sourcecode.c.h; path = BYHelper.h; sourceTree = "<group>"; };
		1AE9FA761A4C03A8003AD38C /* BYHelperTests.xctest */ = {isa = PBXFileReference; explicitFileType = wrapper.cfbundle; includeInIndex = 0; path = BYHelperTests.xctest; sourceTree = BUILT_PRODUCTS_DIR; };
		1AE9FA7C1A4C03A8003AD38C /* Info.plist */ = {isa = PBXFileReference; lastKnownFileType = text.plist.xml; path = Info.plist; sourceTree = "<group>"; };
		1AE9FA891A4C03CA003AD38C /* BYUIImageExt.swift */ = {isa = PBXFileReference; fileEncoding = 4; lastKnownFileType = sourcecode.swift; path = BYUIImageExt.swift; sourceTree = "<group>"; };
		1AE9FA8B1A4C03D3003AD38C /* BYUIAlertViewBlock.swift */ = {isa = PBXFileReference; fileEncoding = 4; lastKnownFileType = sourcecode.swift; path = BYUIAlertViewBlock.swift; sourceTree = "<group>"; };
		1AE9FA8C1A4C03D3003AD38C /* BYUIImagePickerControllerBlock.swift */ = {isa = PBXFileReference; fileEncoding = 4; lastKnownFileType = sourcecode.swift; path = BYUIImagePickerControllerBlock.swift; sourceTree = "<group>"; };
		1AE9FA8D1A4C03D3003AD38C /* BYUIViewExt.swift */ = {isa = PBXFileReference; fileEncoding = 4; lastKnownFileType = sourcecode.swift; path = BYUIViewExt.swift; sourceTree = "<group>"; };
		1AE9FA911A4C03DA003AD38C /* BYClosureWrapper.swift */ = {isa = PBXFileReference; fileEncoding = 4; lastKnownFileType = sourcecode.swift; path = BYClosureWrapper.swift; sourceTree = "<group>"; };
		1AE9FA921A4C03DA003AD38C /* BYDelay.swift */ = {isa = PBXFileReference; fileEncoding = 4; lastKnownFileType = sourcecode.swift; path = BYDelay.swift; sourceTree = "<group>"; };
		1AE9FAA41A4C0B32003AD38C /* DelayTest.swift */ = {isa = PBXFileReference; fileEncoding = 4; lastKnownFileType = sourcecode.swift; path = DelayTest.swift; sourceTree = "<group>"; };
/* End PBXFileReference section */

/* Begin PBXFrameworksBuildPhase section */
		1AE9FA671A4C03A8003AD38C /* Frameworks */ = {
			isa = PBXFrameworksBuildPhase;
			buildActionMask = 2147483647;
			files = (
			);
			runOnlyForDeploymentPostprocessing = 0;
		};
		1AE9FA731A4C03A8003AD38C /* Frameworks */ = {
			isa = PBXFrameworksBuildPhase;
			buildActionMask = 2147483647;
			files = (
				1AE9FA771A4C03A8003AD38C /* BYHelper.framework in Frameworks */,
			);
			runOnlyForDeploymentPostprocessing = 0;
		};
/* End PBXFrameworksBuildPhase section */

/* Begin PBXGroup section */
		1AE9FA611A4C03A8003AD38C = {
			isa = PBXGroup;
			children = (
				1AE9FA6D1A4C03A8003AD38C /* BYHelper */,
				1AE9FA7A1A4C03A8003AD38C /* BYHelperTests */,
				1AE9FA6C1A4C03A8003AD38C /* Products */,
			);
			sourceTree = "<group>";
		};
		1AE9FA6C1A4C03A8003AD38C /* Products */ = {
			isa = PBXGroup;
			children = (
				1AE9FA6B1A4C03A8003AD38C /* BYHelper.framework */,
				1AE9FA761A4C03A8003AD38C /* BYHelperTests.xctest */,
			);
			name = Products;
			sourceTree = "<group>";
		};
		1AE9FA6D1A4C03A8003AD38C /* BYHelper */ = {
			isa = PBXGroup;
			children = (
				1AE9FA911A4C03DA003AD38C /* BYClosureWrapper.swift */,
				1AE9FA921A4C03DA003AD38C /* BYDelay.swift */,
				1AE9FA8B1A4C03D3003AD38C /* BYUIAlertViewBlock.swift */,
				1A039E8B1A4D69E700E8AD8E /* BYUIActionSheetBlock.swift */,
				1A039E8F1A4D6F1B00E8AD8E /* BYAlertController.swift */,
				1AE9FA8C1A4C03D3003AD38C /* BYUIImagePickerControllerBlock.swift */,
				1AE9FA8D1A4C03D3003AD38C /* BYUIViewExt.swift */,
				1AE9FA891A4C03CA003AD38C /* BYUIImageExt.swift */,
				1A039E8D1A4D6A0000E8AD8E /* BYArrayExt.swift */,
				1AE9FA701A4C03A8003AD38C /* BYHelper.h */,
				1AE9FA6E1A4C03A8003AD38C /* Supporting Files */,
			);
			path = BYHelper;
			sourceTree = "<group>";
		};
		1AE9FA6E1A4C03A8003AD38C /* Supporting Files */ = {
			isa = PBXGroup;
			children = (
				1AE9FA6F1A4C03A8003AD38C /* Info.plist */,
			);
			name = "Supporting Files";
			sourceTree = "<group>";
		};
		1AE9FA7A1A4C03A8003AD38C /* BYHelperTests */ = {
			isa = PBXGroup;
			children = (
				1AE9FA7B1A4C03A8003AD38C /* Supporting Files */,
				1AE9FAA41A4C0B32003AD38C /* DelayTest.swift */,
			);
			path = BYHelperTests;
			sourceTree = "<group>";
		};
		1AE9FA7B1A4C03A8003AD38C /* Supporting Files */ = {
			isa = PBXGroup;
			children = (
				1AE9FA7C1A4C03A8003AD38C /* Info.plist */,
			);
			name = "Supporting Files";
			sourceTree = "<group>";
		};
/* End PBXGroup section */

/* Begin PBXHeadersBuildPhase section */
		1AE9FA681A4C03A8003AD38C /* Headers */ = {
			isa = PBXHeadersBuildPhase;
			buildActionMask = 2147483647;
			files = (
				1AE9FA711A4C03A8003AD38C /* BYHelper.h in Headers */,
			);
			runOnlyForDeploymentPostprocessing = 0;
		};
/* End PBXHeadersBuildPhase section */

/* Begin PBXNativeTarget section */
		1AE9FA6A1A4C03A8003AD38C /* BYHelper */ = {
			isa = PBXNativeTarget;
			buildConfigurationList = 1AE9FA811A4C03A8003AD38C /* Build configuration list for PBXNativeTarget "BYHelper" */;
			buildPhases = (
				1AE9FA661A4C03A8003AD38C /* Sources */,
				1AE9FA671A4C03A8003AD38C /* Frameworks */,
				1AE9FA681A4C03A8003AD38C /* Headers */,
				1AE9FA691A4C03A8003AD38C /* Resources */,
			);
			buildRules = (
			);
			dependencies = (
			);
			name = BYHelper;
			productName = BYHelper;
			productReference = 1AE9FA6B1A4C03A8003AD38C /* BYHelper.framework */;
			productType = "com.apple.product-type.framework";
		};
		1AE9FA751A4C03A8003AD38C /* BYHelperTests */ = {
			isa = PBXNativeTarget;
			buildConfigurationList = 1AE9FA841A4C03A8003AD38C /* Build configuration list for PBXNativeTarget "BYHelperTests" */;
			buildPhases = (
				1AE9FA721A4C03A8003AD38C /* Sources */,
				1AE9FA731A4C03A8003AD38C /* Frameworks */,
				1AE9FA741A4C03A8003AD38C /* Resources */,
			);
			buildRules = (
			);
			dependencies = (
				1AE9FA791A4C03A8003AD38C /* PBXTargetDependency */,
			);
			name = BYHelperTests;
			productName = BYHelperTests;
			productReference = 1AE9FA761A4C03A8003AD38C /* BYHelperTests.xctest */;
			productType = "com.apple.product-type.bundle.unit-test";
		};
/* End PBXNativeTarget section */

/* Begin PBXProject section */
		1AE9FA621A4C03A8003AD38C /* Project object */ = {
			isa = PBXProject;
			attributes = {
				LastUpgradeCheck = 0610;
				ORGANIZATIONNAME = ysq;
				TargetAttributes = {
					1AE9FA6A1A4C03A8003AD38C = {
						CreatedOnToolsVersion = 6.1.1;
					};
					1AE9FA751A4C03A8003AD38C = {
						CreatedOnToolsVersion = 6.1.1;
					};
				};
			};
			buildConfigurationList = 1AE9FA651A4C03A8003AD38C /* Build configuration list for PBXProject "BYHelper" */;
			compatibilityVersion = "Xcode 3.2";
			developmentRegion = English;
			hasScannedForEncodings = 0;
			knownRegions = (
				en,
			);
			mainGroup = 1AE9FA611A4C03A8003AD38C;
			productRefGroup = 1AE9FA6C1A4C03A8003AD38C /* Products */;
			projectDirPath = "";
			projectRoot = "";
			targets = (
				1AE9FA6A1A4C03A8003AD38C /* BYHelper */,
				1AE9FA751A4C03A8003AD38C /* BYHelperTests */,
			);
		};
/* End PBXProject section */

/* Begin PBXResourcesBuildPhase section */
		1AE9FA691A4C03A8003AD38C /* Resources */ = {
			isa = PBXResourcesBuildPhase;
			buildActionMask = 2147483647;
			files = (
			);
			runOnlyForDeploymentPostprocessing = 0;
		};
		1AE9FA741A4C03A8003AD38C /* Resources */ = {
			isa = PBXResourcesBuildPhase;
			buildActionMask = 2147483647;
			files = (
			);
			runOnlyForDeploymentPostprocessing = 0;
		};
/* End PBXResourcesBuildPhase section */

/* Begin PBXSourcesBuildPhase section */
		1AE9FA661A4C03A8003AD38C /* Sources */ = {
			isa = PBXSourcesBuildPhase;
			buildActionMask = 2147483647;
			files = (
				1AE9FA941A4C03DA003AD38C /* BYDelay.swift in Sources */,
				1A039E901A4D6F1B00E8AD8E /* BYAlertController.swift in Sources */,
				1AE9FA8F1A4C03D3003AD38C /* BYUIImagePickerControllerBlock.swift in Sources */,
				1AE9FA8A1A4C03CA003AD38C /* BYUIImageExt.swift in Sources */,
				1AE9FA8E1A4C03D3003AD38C /* BYUIAlertViewBlock.swift in Sources */,
				1A039E8C1A4D69E700E8AD8E /* BYUIActionSheetBlock.swift in Sources */,
				1AE9FA931A4C03DA003AD38C /* BYClosureWrapper.swift in Sources */,
				1A039E8E1A4D6A0000E8AD8E /* BYArrayExt.swift in Sources */,
				1AE9FA901A4C03D3003AD38C /* BYUIViewExt.swift in Sources */,
			);
			runOnlyForDeploymentPostprocessing = 0;
		};
		1AE9FA721A4C03A8003AD38C /* Sources */ = {
			isa = PBXSourcesBuildPhase;
			buildActionMask = 2147483647;
			files = (
				1AE9FAA51A4C0B32003AD38C /* DelayTest.swift in Sources */,
			);
			runOnlyForDeploymentPostprocessing = 0;
		};
/* End PBXSourcesBuildPhase section */

/* Begin PBXTargetDependency section */
		1AE9FA791A4C03A8003AD38C /* PBXTargetDependency */ = {
			isa = PBXTargetDependency;
			target = 1AE9FA6A1A4C03A8003AD38C /* BYHelper */;
			targetProxy = 1AE9FA781A4C03A8003AD38C /* PBXContainerItemProxy */;
		};
/* End PBXTargetDependency section */

/* Begin XCBuildConfiguration section */
		1AE9FA7F1A4C03A8003AD38C /* Debug */ = {
			isa = XCBuildConfiguration;
			buildSettings = {
				ALWAYS_SEARCH_USER_PATHS = NO;
				CLANG_CXX_LANGUAGE_STANDARD = "gnu++0x";
				CLANG_CXX_LIBRARY = "libc++";
				CLANG_ENABLE_MODULES = YES;
				CLANG_ENABLE_OBJC_ARC = YES;
				CLANG_WARN_BOOL_CONVERSION = YES;
				CLANG_WARN_CONSTANT_CONVERSION = YES;
				CLANG_WARN_DIRECT_OBJC_ISA_USAGE = YES_ERROR;
				CLANG_WARN_EMPTY_BODY = YES;
				CLANG_WARN_ENUM_CONVERSION = YES;
				CLANG_WARN_INT_CONVERSION = YES;
				CLANG_WARN_OBJC_ROOT_CLASS = YES_ERROR;
				CLANG_WARN_UNREACHABLE_CODE = YES;
				CLANG_WARN__DUPLICATE_METHOD_MATCH = YES;
				"CODE_SIGN_IDENTITY[sdk=iphoneos*]" = "iPhone Developer";
				COPY_PHASE_STRIP = NO;
				CURRENT_PROJECT_VERSION = 1;
				ENABLE_STRICT_OBJC_MSGSEND = YES;
				GCC_C_LANGUAGE_STANDARD = gnu99;
				GCC_DYNAMIC_NO_PIC = NO;
				GCC_OPTIMIZATION_LEVEL = 0;
				GCC_PREPROCESSOR_DEFINITIONS = (
					"DEBUG=1",
					"$(inherited)",
				);
				GCC_SYMBOLS_PRIVATE_EXTERN = NO;
				GCC_WARN_64_TO_32_BIT_CONVERSION = YES;
				GCC_WARN_ABOUT_RETURN_TYPE = YES_ERROR;
				GCC_WARN_UNDECLARED_SELECTOR = YES;
				GCC_WARN_UNINITIALIZED_AUTOS = YES_AGGRESSIVE;
				GCC_WARN_UNUSED_FUNCTION = YES;
				GCC_WARN_UNUSED_VARIABLE = YES;
				IPHONEOS_DEPLOYMENT_TARGET = 8.1;
				MTL_ENABLE_DEBUG_INFO = YES;
				ONLY_ACTIVE_ARCH = YES;
				SDKROOT = iphoneos;
				SWIFT_OPTIMIZATION_LEVEL = "-Onone";
				TARGETED_DEVICE_FAMILY = "1,2";
				VERSIONING_SYSTEM = "apple-generic";
				VERSION_INFO_PREFIX = "";
			};
			name = Debug;
		};
		1AE9FA801A4C03A8003AD38C /* Release */ = {
			isa = XCBuildConfiguration;
			buildSettings = {
				ALWAYS_SEARCH_USER_PATHS = NO;
				CLANG_CXX_LANGUAGE_STANDARD = "gnu++0x";
				CLANG_CXX_LIBRARY = "libc++";
				CLANG_ENABLE_MODULES = YES;
				CLANG_ENABLE_OBJC_ARC = YES;
				CLANG_WARN_BOOL_CONVERSION = YES;
				CLANG_WARN_CONSTANT_CONVERSION = YES;
				CLANG_WARN_DIRECT_OBJC_ISA_USAGE = YES_ERROR;
				CLANG_WARN_EMPTY_BODY = YES;
				CLANG_WARN_ENUM_CONVERSION = YES;
				CLANG_WARN_INT_CONVERSION = YES;
				CLANG_WARN_OBJC_ROOT_CLASS = YES_ERROR;
				CLANG_WARN_UNREACHABLE_CODE = YES;
				CLANG_WARN__DUPLICATE_METHOD_MATCH = YES;
				"CODE_SIGN_IDENTITY[sdk=iphoneos*]" = "iPhone Developer";
				COPY_PHASE_STRIP = YES;
				CURRENT_PROJECT_VERSION = 1;
				ENABLE_NS_ASSERTIONS = NO;
				ENABLE_STRICT_OBJC_MSGSEND = YES;
				GCC_C_LANGUAGE_STANDARD = gnu99;
				GCC_WARN_64_TO_32_BIT_CONVERSION = YES;
				GCC_WARN_ABOUT_RETURN_TYPE = YES_ERROR;
				GCC_WARN_UNDECLARED_SELECTOR = YES;
				GCC_WARN_UNINITIALIZED_AUTOS = YES_AGGRESSIVE;
				GCC_WARN_UNUSED_FUNCTION = YES;
				GCC_WARN_UNUSED_VARIABLE = YES;
				IPHONEOS_DEPLOYMENT_TARGET = 8.1;
				MTL_ENABLE_DEBUG_INFO = NO;
				SDKROOT = iphoneos;
				TARGETED_DEVICE_FAMILY = "1,2";
				VALIDATE_PRODUCT = YES;
				VERSIONING_SYSTEM = "apple-generic";
				VERSION_INFO_PREFIX = "";
			};
			name = Release;
		};
		1AE9FA821A4C03A8003AD38C /* Debug */ = {
			isa = XCBuildConfiguration;
			buildSettings = {
				CLANG_ENABLE_MODULES = YES;
				DEFINES_MODULE = YES;
				DYLIB_COMPATIBILITY_VERSION = 1;
				DYLIB_CURRENT_VERSION = 1;
				DYLIB_INSTALL_NAME_BASE = "@rpath";
				INFOPLIST_FILE = BYHelper/Info.plist;
				INSTALL_PATH = "$(LOCAL_LIBRARY_DIR)/Frameworks";
				IPHONEOS_DEPLOYMENT_TARGET = 7.0;
				LD_RUNPATH_SEARCH_PATHS = "$(inherited) @executable_path/Frameworks @loader_path/Frameworks";
				LIBRARY_SEARCH_PATHS = (
					"$(inherited)",
					"$(SDKROOT)/usr/lib/system",
				);
				PRODUCT_NAME = "$(TARGET_NAME)";
				SKIP_INSTALL = YES;
				SWIFT_INCLUDE_PATHS = "";
				SWIFT_OBJC_BRIDGING_HEADER = "";
				SWIFT_OPTIMIZATION_LEVEL = "-Onone";
			};
			name = Debug;
		};
		1AE9FA831A4C03A8003AD38C /* Release */ = {
			isa = XCBuildConfiguration;
			buildSettings = {
				CLANG_ENABLE_MODULES = YES;
				DEFINES_MODULE = YES;
				DYLIB_COMPATIBILITY_VERSION = 1;
				DYLIB_CURRENT_VERSION = 1;
				DYLIB_INSTALL_NAME_BASE = "@rpath";
				INFOPLIST_FILE = BYHelper/Info.plist;
				INSTALL_PATH = "$(LOCAL_LIBRARY_DIR)/Frameworks";
				IPHONEOS_DEPLOYMENT_TARGET = 7.0;
				LD_RUNPATH_SEARCH_PATHS = "$(inherited) @executable_path/Frameworks @loader_path/Frameworks";
				LIBRARY_SEARCH_PATHS = (
					"$(inherited)",
					"$(SDKROOT)/usr/lib/system",
				);
				PRODUCT_NAME = "$(TARGET_NAME)";
				SKIP_INSTALL = YES;
				SWIFT_INCLUDE_PATHS = "";
				SWIFT_OBJC_BRIDGING_HEADER = "";
			};
			name = Release;
		};
		1AE9FA851A4C03A8003AD38C /* Debug */ = {
			isa = XCBuildConfiguration;
			buildSettings = {
				CLANG_ENABLE_MODULES = YES;
				FRAMEWORK_SEARCH_PATHS = (
					"$(SDKROOT)/Developer/Library/Frameworks",
					"$(inherited)",
				);
				GCC_PREPROCESSOR_DEFINITIONS = (
					"DEBUG=1",
					"$(inherited)",
				);
				INFOPLIST_FILE = BYHelperTests/Info.plist;
				LD_RUNPATH_SEARCH_PATHS = "$(inherited) @executable_path/Frameworks @loader_path/Frameworks";
				PRODUCT_NAME = "$(TARGET_NAME)";
				SWIFT_INCLUDE_PATHS = "";
				SWIFT_OBJC_BRIDGING_HEADER = "";
				SWIFT_OPTIMIZATION_LEVEL = "-Onone";
			};
			name = Debug;
		};
		1AE9FA861A4C03A8003AD38C /* Release */ = {
			isa = XCBuildConfiguration;
			buildSettings = {
				CLANG_ENABLE_MODULES = YES;
				FRAMEWORK_SEARCH_PATHS = (
					"$(SDKROOT)/Developer/Library/Frameworks",
					"$(inherited)",
				);
				INFOPLIST_FILE = BYHelperTests/Info.plist;
				LD_RUNPATH_SEARCH_PATHS = "$(inherited) @executable_path/Frameworks @loader_path/Frameworks";
				PRODUCT_NAME = "$(TARGET_NAME)";
				SWIFT_INCLUDE_PATHS = "";
				SWIFT_OBJC_BRIDGING_HEADER = "";
			};
			name = Release;
		};
/* End XCBuildConfiguration section */

/* Begin XCConfigurationList section */
		1AE9FA651A4C03A8003AD38C /* Build configuration list for PBXProject "BYHelper" */ = {
			isa = XCConfigurationList;
			buildConfigurations = (
				1AE9FA7F1A4C03A8003AD38C /* Debug */,
				1AE9FA801A4C03A8003AD38C /* Release */,
			);
			defaultConfigurationIsVisible = 0;
			defaultConfigurationName = Release;
		};
		1AE9FA811A4C03A8003AD38C /* Build configuration list for PBXNativeTarget "BYHelper" */ = {
			isa = XCConfigurationList;
			buildConfigurations = (
				1AE9FA821A4C03A8003AD38C /* Debug */,
				1AE9FA831A4C03A8003AD38C /* Release */,
			);
			defaultConfigurationIsVisible = 0;
			defaultConfigurationName = Release;
		};
		1AE9FA841A4C03A8003AD38C /* Build configuration list for PBXNativeTarget "BYHelperTests" */ = {
			isa = XCConfigurationList;
			buildConfigurations = (
				1AE9FA851A4C03A8003AD38C /* Debug */,
				1AE9FA861A4C03A8003AD38C /* Release */,
			);
			defaultConfigurationIsVisible = 0;
			defaultConfigurationName = Release;
		};
/* End XCConfigurationList section */
	};
	rootObject = 1AE9FA621A4C03A8003AD38C /* Project object */;
}
